
Microsoft Visual Studio Solution File, Format Version 12.00
# Visual Studio Version 17
VisualStudioVersion = 17.5.33627.172
MinimumVisualStudioVersion = 10.0.40219.1
Project("{9A19103F-16F7-4668-BE54-9A1E7A4F7556}") = "AppWebSistemaClinica", "AppWebSistemaClinica.csproj", "{19961278-F5F8-4744-BA89-500D289C0831}"
EndProject
Project("{E53339B2-1760-4266-BCC7-CA923CBCF16C}") = "docker-compose", "docker-compose.dcproj", "{99E6BB43-4F40-4A2B-B331-003B432EC9CB}"
EndProject
Global
	GlobalSection(SolutionConfigurationPlatforms) = preSolution
		Debug|Any CPU = Debug|Any CPU
		Release|Any CPU = Release|Any CPU
	EndGlobalSection
	GlobalSection(ProjectConfigurationPlatforms) = postSolution
		{19961278-F5F8-4744-BA89-500D289C0831}.Debug|Any CPU.ActiveCfg = Debug|Any CPU
		{19961278-F5F8-4744-BA89-500D289C0831}.Debug|Any CPU.Build.0 = Debug|Any CPU
		{19961278-F5F8-4744-BA89-500D289C0831}.Release|Any CPU.ActiveCfg = Release|Any CPU
		{19961278-F5F8-4744-BA89-500D289C0831}.Release|Any CPU.Build.0 = Release|Any CPU
		{99E6BB43-4F40-4A2B-B331-003B432EC9CB}.Debug|Any CPU.ActiveCfg = Debug|Any CPU
		{99E6BB43-4F40-4A2B-B331-003B432EC9CB}.Debug|Any CPU.Build.0 = Debug|Any CPU
		{99E6BB43-4F40-4A2B-B331-003B432EC9CB}.Release|Any CPU.ActiveCfg = Release|Any CPU
		{99E6BB43-4F40-4A2B-B331-003B432EC9CB}.Release|Any CPU.Build.0 = Release|Any CPU
	EndGlobalSection
	GlobalSection(SolutionProperties) = preSolution
		HideSolutionNode = FALSE
	EndGlobalSection
	GlobalSection(ExtensibilityGlobals) = postSolution
		SolutionGuid = {68D077B5-A95C-46F7-B254-09E0F575A379}
	EndGlobalSection
EndGlobal
